
Microsoft Visual Studio Solution File, Format Version 12.00
# Visual Studio Version 16
VisualStudioVersion = 16.0.31624.102
MinimumVisualStudioVersion = 10.0.40219.1
Project("{9A19103F-16F7-4668-BE54-9A1E7A4F7556}") = "CentralizedThermalDistribution", "CentralizedThermalDistribution\CentralizedThermalDistribution.csproj", "{925FEC4A-1D58-470F-9D02-AECF2A77CB76}"
EndProject
Global
	GlobalSection(SolutionConfigurationPlatforms) = preSolution
		Debug|Any CPU = Debug|Any CPU
		Release|Any CPU = Release|Any CPU
	EndGlobalSection
	GlobalSection(ProjectConfigurationPlatforms) = postSolution
		{925FEC4A-1D58-470F-9D02-AECF2A77CB76}.Debug|Any CPU.ActiveCfg = Debug|Any CPU
		{925FEC4A-1D58-470F-9D02-AECF2A77CB76}.Debug|Any CPU.Build.0 = Debug|Any CPU
		{925FEC4A-1D58-470F-9D02-AECF2A77CB76}.Release|Any CPU.ActiveCfg = Release|Any CPU
		{925FEC4A-1D58-470F-9D02-AECF2A77CB76}.Release|Any CPU.Build.0 = Release|Any CPU
	EndGlobalSection
	GlobalSection(SolutionProperties) = preSolution
		HideSolutionNode = FALSE
	EndGlobalSection
	GlobalSection(ExtensibilityGlobals) = postSolution
		SolutionGuid = {925AACE0-F5BD-48BC-A89C-2686CA5F778B}
	EndGlobalSection
EndGlobal
